
Microsoft Visual Studio Solution File, Format Version 12.00
# Visual Studio Version 17
VisualStudioVersion = 17.0.31912.275
MinimumVisualStudioVersion = 10.0.40219.1
Project("{FAE04EC0-301F-11D3-BF4B-00C04F79EFBC}") = "lab6", "lab6\lab6.csproj", "{4A806B7F-BBC5-413A-AEC3-E3E9DBE8E8AF}"
EndProject
Project("{FAE04EC0-301F-11D3-BF4B-00C04F79EFBC}") = "stringArrayToUpper", "stringArrayToUpper\stringArrayToUpper.csproj", "{37237765-9E20-4080-81E6-504217FD8D1B}"
EndProject
Project("{FAE04EC0-301F-11D3-BF4B-00C04F79EFBC}") = "staticFormat", "staticFormat\staticFormat.csproj", "{4C116A15-468A-48D7-857D-D0B923F7E288}"
EndProject
Project("{FAE04EC0-301F-11D3-BF4B-00C04F79EFBC}") = "lab6zadacha1", "lab6zadacha1\lab6zadacha1.csproj", "{DB5958ED-13DF-498F-A7EF-63D8E77ECA80}"
EndProject
Project("{FAE04EC0-301F-11D3-BF4B-00C04F79EFBC}") = "lab6zadacha2", "lab6zadacha2\lab6zadacha2.csproj", "{EAD7F816-1639-4508-A106-3D8FD38BF6C7}"
EndProject
Global
	GlobalSection(SolutionConfigurationPlatforms) = preSolution
		Debug|Any CPU = Debug|Any CPU
		Release|Any CPU = Release|Any CPU
	EndGlobalSection
	GlobalSection(ProjectConfigurationPlatforms) = postSolution
		{4A806B7F-BBC5-413A-AEC3-E3E9DBE8E8AF}.Debug|Any CPU.ActiveCfg = Debug|Any CPU
		{4A806B7F-BBC5-413A-AEC3-E3E9DBE8E8AF}.Debug|Any CPU.Build.0 = Debug|Any CPU
		{4A806B7F-BBC5-413A-AEC3-E3E9DBE8E8AF}.Release|Any CPU.ActiveCfg = Release|Any CPU
		{4A806B7F-BBC5-413A-AEC3-E3E9DBE8E8AF}.Release|Any CPU.Build.0 = Release|Any CPU
		{37237765-9E20-4080-81E6-504217FD8D1B}.Debug|Any CPU.ActiveCfg = Debug|Any CPU
		{37237765-9E20-4080-81E6-504217FD8D1B}.Debug|Any CPU.Build.0 = Debug|Any CPU
		{37237765-9E20-4080-81E6-504217FD8D1B}.Release|Any CPU.ActiveCfg = Release|Any CPU
		{37237765-9E20-4080-81E6-504217FD8D1B}.Release|Any CPU.Build.0 = Release|Any CPU
		{4C116A15-468A-48D7-857D-D0B923F7E288}.Debug|Any CPU.ActiveCfg = Debug|Any CPU
		{4C116A15-468A-48D7-857D-D0B923F7E288}.Debug|Any CPU.Build.0 = Debug|Any CPU
		{4C116A15-468A-48D7-857D-D0B923F7E288}.Release|Any CPU.ActiveCfg = Release|Any CPU
		{4C116A15-468A-48D7-857D-D0B923F7E288}.Release|Any CPU.Build.0 = Release|Any CPU
		{DB5958ED-13DF-498F-A7EF-63D8E77ECA80}.Debug|Any CPU.ActiveCfg = Debug|Any CPU
		{DB5958ED-13DF-498F-A7EF-63D8E77ECA80}.Debug|Any CPU.Build.0 = Debug|Any CPU
		{DB5958ED-13DF-498F-A7EF-63D8E77ECA80}.Release|Any CPU.ActiveCfg = Release|Any CPU
		{DB5958ED-13DF-498F-A7EF-63D8E77ECA80}.Release|Any CPU.Build.0 = Release|Any CPU
		{EAD7F816-1639-4508-A106-3D8FD38BF6C7}.Debug|Any CPU.ActiveCfg = Debug|Any CPU
		{EAD7F816-1639-4508-A106-3D8FD38BF6C7}.Debug|Any CPU.Build.0 = Debug|Any CPU
		{EAD7F816-1639-4508-A106-3D8FD38BF6C7}.Release|Any CPU.ActiveCfg = Release|Any CPU
		{EAD7F816-1639-4508-A106-3D8FD38BF6C7}.Release|Any CPU.Build.0 = Release|Any CPU
	EndGlobalSection
	GlobalSection(SolutionProperties) = preSolution
		HideSolutionNode = FALSE
	EndGlobalSection
	GlobalSection(ExtensibilityGlobals) = postSolution
		SolutionGuid = {8D06662C-765B-4C5B-846A-8EDCDF314E81}
	EndGlobalSection
EndGlobal
